// !$*UTF8*$!
{
	archiveVersion = 1;
	classes = {
	};
	objectVersion = 50;
	objects = {

/* Begin PBXBuildFile section */
		9FBAAA1324A313BB00556282 /* AppDelegate.swift in Sources */ = {isa = PBXBuildFile; fileRef = 9FBAAA1224A313BB00556282 /* AppDelegate.swift */; };
		9FBAAA1524A313BB00556282 /* SceneDelegate.swift in Sources */ = {isa = PBXBuildFile; fileRef = 9FBAAA1424A313BB00556282 /* SceneDelegate.swift */; };
		9FBAAA1724A313BB00556282 /* ContentView.swift in Sources */ = {isa = PBXBuildFile; fileRef = 9FBAAA1624A313BB00556282 /* ContentView.swift */; };
		9FBAAA1924A313BC00556282 /* Assets.xcassets in Resources */ = {isa = PBXBuildFile; fileRef = 9FBAAA1824A313BC00556282 /* Assets.xcassets */; };
		9FBAAA1C24A313BC00556282 /* Preview Assets.xcassets in Resources */ = {isa = PBXBuildFile; fileRef = 9FBAAA1B24A313BC00556282 /* Preview Assets.xcassets */; };
		9FBAAA1F24A313BC00556282 /* LaunchScreen.storyboard in Resources */ = {isa = PBXBuildFile; fileRef = 9FBAAA1D24A313BC00556282 /* LaunchScreen.storyboard */; };
		9FBAAA2824A3177400556282 /* NetworkManager.swift in Sources */ = {isa = PBXBuildFile; fileRef = 9FBAAA2724A3177400556282 /* NetworkManager.swift */; };
		9FBAAA2A24A318DE00556282 /* PostData.swift in Sources */ = {isa = PBXBuildFile; fileRef = 9FBAAA2924A318DE00556282 /* PostData.swift */; };
		9FBAAA2D24A31EED00556282 /* DetailView.swift in Sources */ = {isa = PBXBuildFile; fileRef = 9FBAAA2C24A31EED00556282 /* DetailView.swift */; };
		9FBAAA2F24A323EE00556282 /* WebView.swift in Sources */ = {isa = PBXBuildFile; fileRef = 9FBAAA2E24A323EE00556282 /* WebView.swift */; };
/* End PBXBuildFile section */

/* Begin PBXFileReference section */
		9FBAAA0F24A313BB00556282 /* Hacker News.app */ = {isa = PBXFileReference; explicitFileType = wrapper.application; includeInIndex = 0; path = "Hacker News.app"; sourceTree = BUILT_PRODUCTS_DIR; };
		9FBAAA1224A313BB00556282 /* AppDelegate.swift */ = {isa = PBXFileReference; lastKnownFileType = sourcecode.swift; path = AppDelegate.swift; sourceTree = "<group>"; };
		9FBAAA1424A313BB00556282 /* SceneDelegate.swift */ = {isa = PBXFileReference; lastKnownFileType = sourcecode.swift; path = SceneDelegate.swift; sourceTree = "<group>"; };
		9FBAAA1624A313BB00556282 /* ContentView.swift */ = {isa = PBXFileReference; lastKnownFileType = sourcecode.swift; path = ContentView.swift; sourceTree = "<group>"; };
		9FBAAA1824A313BC00556282 /* Assets.xcassets */ = {isa = PBXFileReference; lastKnownFileType = folder.assetcatalog; path = Assets.xcassets; sourceTree = "<group>"; };
		9FBAAA1B24A313BC00556282 /* Preview Assets.xcassets */ = {isa = PBXFileReference; lastKnownFileType = folder.assetcatalog; path = "Preview Assets.xcassets"; sourceTree = "<group>"; };
		9FBAAA1E24A313BC00556282 /* Base */ = {isa = PBXFileReference; lastKnownFileType = file.storyboard; name = Base; path = Base.lproj/LaunchScreen.storyboard; sourceTree = "<group>"; };
		9FBAAA2024A313BC00556282 /* Info.plist */ = {isa = PBXFileReference; lastKnownFileType = text.plist.xml; path = Info.plist; sourceTree = "<group>"; };
		9FBAAA2724A3177400556282 /* NetworkManager.swift */ = {isa = PBXFileReference; lastKnownFileType = sourcecode.swift; path = NetworkManager.swift; sourceTree = "<group>"; };
		9FBAAA2924A318DE00556282 /* PostData.swift */ = {isa = PBXFileReference; lastKnownFileType = sourcecode.swift; path = PostData.swift; sourceTree = "<group>"; };
		9FBAAA2C24A31EED00556282 /* DetailView.swift */ = {isa = PBXFileReference; lastKnownFileType = sourcecode.swift; path = DetailView.swift; sourceTree = "<group>"; };
		9FBAAA2E24A323EE00556282 /* WebView.swift */ = {isa = PBXFileReference; lastKnownFileType = sourcecode.swift; path = WebView.swift; sourceTree = "<group>"; };
		9FBAAA3024A3270700556282 /* Hacker News.entitlements */ = {isa = PBXFileReference; lastKnownFileType = text.plist.entitlements; path = "Hacker News.entitlements"; sourceTree = "<group>"; };
/* End PBXFileReference section */

/* Begin PBXFrameworksBuildPhase section */
		9FBAAA0C24A313BB00556282 /* Frameworks */ = {
			isa = PBXFrameworksBuildPhase;
			buildActionMask = 2147483647;
			files = (
			);
			runOnlyForDeploymentPostprocessing = 0;
		};
/* End PBXFrameworksBuildPhase section */

/* Begin PBXGroup section */
		9FBAAA0624A313BB00556282 = {
			isa = PBXGroup;
			children = (
				9FBAAA1124A313BB00556282 /* Hacker News */,
				9FBAAA1024A313BB00556282 /* Products */,
			);
			sourceTree = "<group>";
		};
		9FBAAA1024A313BB00556282 /* Products */ = {
			isa = PBXGroup;
			children = (
				9FBAAA0F24A313BB00556282 /* Hacker News.app */,
			);
			name = Products;
			sourceTree = "<group>";
		};
		9FBAAA1124A313BB00556282 /* Hacker News */ = {
			isa = PBXGroup;
			children = (
				9FBAAA3024A3270700556282 /* Hacker News.entitlements */,
				9FBAAA1224A313BB00556282 /* AppDelegate.swift */,
				9FBAAA1424A313BB00556282 /* SceneDelegate.swift */,
				9FBAAA2B24A31ED600556282 /* Views */,
				9FBAAA2624A3175300556282 /* Models */,
				9FBAAA1824A313BC00556282 /* Assets.xcassets */,
				9FBAAA1D24A313BC00556282 /* LaunchScreen.storyboard */,
				9FBAAA2024A313BC00556282 /* Info.plist */,
				9FBAAA1A24A313BC00556282 /* Preview Content */,
			);
			path = "Hacker News";
			sourceTree = "<group>";
		};
		9FBAAA1A24A313BC00556282 /* Preview Content */ = {
			isa = PBXGroup;
			children = (
				9FBAAA1B24A313BC00556282 /* Preview Assets.xcassets */,
			);
			path = "Preview Content";
			sourceTree = "<group>";
		};
		9FBAAA2624A3175300556282 /* Models */ = {
			isa = PBXGroup;
			children = (
				9FBAAA2724A3177400556282 /* NetworkManager.swift */,
				9FBAAA2924A318DE00556282 /* PostData.swift */,
			);
			path = Models;
			sourceTree = "<group>";
		};
		9FBAAA2B24A31ED600556282 /* Views */ = {
			isa = PBXGroup;
			children = (
				9FBAAA1624A313BB00556282 /* ContentView.swift */,
				9FBAAA2C24A31EED00556282 /* DetailView.swift */,
				9FBAAA2E24A323EE00556282 /* WebView.swift */,
			);
			path = Views;
			sourceTree = "<group>";
		};
/* End PBXGroup section */

/* Begin PBXNativeTarget section */
		9FBAAA0E24A313BB00556282 /* Hacker News */ = {
			isa = PBXNativeTarget;
			buildConfigurationList = 9FBAAA2324A313BC00556282 /* Build configuration list for PBXNativeTarget "Hacker News" */;
			buildPhases = (
				9FBAAA0B24A313BB00556282 /* Sources */,
				9FBAAA0C24A313BB00556282 /* Frameworks */,
				9FBAAA0D24A313BB00556282 /* Resources */,
			);
			buildRules = (
			);
			dependencies = (
			);
			name = "Hacker News";
			productName = "Hacker News";
			productReference = 9FBAAA0F24A313BB00556282 /* Hacker News.app */;
			productType = "com.apple.product-type.application";
		};
/* End PBXNativeTarget section */

/* Begin PBXProject section */
		9FBAAA0724A313BB00556282 /* Project object */ = {
			isa = PBXProject;
			attributes = {
				LastSwiftUpdateCheck = 1150;
				LastUpgradeCheck = 1150;
				ORGANIZATIONNAME = "Ted Hyeong";
				TargetAttributes = {
					9FBAAA0E24A313BB00556282 = {
						CreatedOnToolsVersion = 11.5;
					};
				};
			};
			buildConfigurationList = 9FBAAA0A24A313BB00556282 /* Build configuration list for PBXProject "Hacker News" */;
			compatibilityVersion = "Xcode 9.3";
			developmentRegion = en;
			hasScannedForEncodings = 0;
			knownRegions = (
				en,
				Base,
			);
			mainGroup = 9FBAAA0624A313BB00556282;
			productRefGroup = 9FBAAA1024A313BB00556282 /* Products */;
			projectDirPath = "";
			projectRoot = "";
			targets = (
				9FBAAA0E24A313BB00556282 /* Hacker News */,
			);
		};
/* End PBXProject section */

/* Begin PBXResourcesBuildPhase section */
		9FBAAA0D24A313BB00556282 /* Resources */ = {
			isa = PBXResourcesBuildPhase;
			buildActionMask = 2147483647;
			files = (
				9FBAAA1F24A313BC00556282 /* LaunchScreen.storyboard in Resources */,
				9FBAAA1C24A313BC00556282 /* Preview Assets.xcassets in Resources */,
				9FBAAA1924A313BC00556282 /* Assets.xcassets in Resources */,
			);
			runOnlyForDeploymentPostprocessing = 0;
		};
/* End PBXResourcesBuildPhase section */

/* Begin PBXSourcesBuildPhase section */
		9FBAAA0B24A313BB00556282 /* Sources */ = {
			isa = PBXSourcesBuildPhase;
			buildActionMask = 2147483647;
			files = (
				9FBAAA2A24A318DE00556282 /* PostData.swift in Sources */,
				9FBAAA2D24A31EED00556282 /* DetailView.swift in Sources */,
				9FBAAA2824A3177400556282 /* NetworkManager.swift in Sources */,
				9FBAAA1324A313BB00556282 /* AppDelegate.swift in Sources */,
				9FBAAA1524A313BB00556282 /* SceneDelegate.swift in Sources */,
				9FBAAA1724A313BB00556282 /* ContentView.swift in Sources */,
				9FBAAA2F24A323EE00556282 /* WebView.swift in Sources */,
			);
			runOnlyForDeploymentPostprocessing = 0;
		};
/* End PBXSourcesBuildPhase section */

/* Begin PBXVariantGroup section */
		9FBAAA1D24A313BC00556282 /* LaunchScreen.storyboard */ = {
			isa = PBXVariantGroup;
			children = (
				9FBAAA1E24A313BC00556282 /* Base */,
			);
			name = LaunchScreen.storyboard;
			sourceTree = "<group>";
		};
/* End PBXVariantGroup section */

/* Begin XCBuildConfiguration section */
		9FBAAA2124A313BC00556282 /* Debug */ = {
			isa = XCBuildConfiguration;
			buildSettings = {
				ALWAYS_SEARCH_USER_PATHS = NO;
				CLANG_ANALYZER_NONNULL = YES;
				CLANG_ANALYZER_NUMBER_OBJECT_CONVERSION = YES_AGGRESSIVE;
				CLANG_CXX_LANGUAGE_STANDARD = "gnu++14";
				CLANG_CXX_LIBRARY = "libc++";
				CLANG_ENABLE_MODULES = YES;
				CLANG_ENABLE_OBJC_ARC = YES;
				CLANG_ENABLE_OBJC_WEAK = YES;
				CLANG_WARN_BLOCK_CAPTURE_AUTORELEASING = YES;
				CLANG_WARN_BOOL_CONVERSION = YES;
				CLANG_WARN_COMMA = YES;
				CLANG_WARN_CONSTANT_CONVERSION = YES;
				CLANG_WARN_DEPRECATED_OBJC_IMPLEMENTATIONS = YES;
				CLANG_WARN_DIRECT_OBJC_ISA_USAGE = YES_ERROR;
				CLANG_WARN_DOCUMENTATION_COMMENTS = YES;
				CLANG_WARN_EMPTY_BODY = YES;
				CLANG_WARN_ENUM_CONVERSION = YES;
				CLANG_WARN_INFINITE_RECURSION = YES;
				CLANG_WARN_INT_CONVERSION = YES;
				CLANG_WARN_NON_LITERAL_NULL_CONVERSION = YES;
				CLANG_WARN_OBJC_IMPLICIT_RETAIN_SELF = YES;
				CLANG_WARN_OBJC_LITERAL_CONVERSION = YES;
				CLANG_WARN_OBJC_ROOT_CLASS = YES_ERROR;
				CLANG_WARN_RANGE_LOOP_ANALYSIS = YES;
				CLANG_WARN_STRICT_PROTOTYPES = YES;
				CLANG_WARN_SUSPICIOUS_MOVE = YES;
				CLANG_WARN_UNGUARDED_AVAILABILITY = YES_AGGRESSIVE;
				CLANG_WARN_UNREACHABLE_CODE = YES;
				CLANG_WARN__DUPLICATE_METHOD_MATCH = YES;
				COPY_PHASE_STRIP = NO;
				DEBUG_INFORMATION_FORMAT = dwarf;
				ENABLE_STRICT_OBJC_MSGSEND = YES;
				ENABLE_TESTABILITY = YES;
				GCC_C_LANGUAGE_STANDARD = gnu11;
				GCC_DYNAMIC_NO_PIC = NO;
				GCC_NO_COMMON_BLOCKS = YES;
				GCC_OPTIMIZATION_LEVEL = 0;
				GCC_PREPROCESSOR_DEFINITIONS = (
					"DEBUG=1",
					"$(inherited)",
				);
				GCC_WARN_64_TO_32_BIT_CONVERSION = YES;
				GCC_WARN_ABOUT_RETURN_TYPE = YES_ERROR;
				GCC_WARN_UNDECLARED_SELECTOR = YES;
				GCC_WARN_UNINITIALIZED_AUTOS = YES_AGGRESSIVE;
				GCC_WARN_UNUSED_FUNCTION = YES;
				GCC_WARN_UNUSED_VARIABLE = YES;
				IPHONEOS_DEPLOYMENT_TARGET = 13.5;
				MTL_ENABLE_DEBUG_INFO = INCLUDE_SOURCE;
				MTL_FAST_MATH = YES;
				ONLY_ACTIVE_ARCH = YES;
				SDKROOT = iphoneos;
				SWIFT_ACTIVE_COMPILATION_CONDITIONS = DEBUG;
				SWIFT_OPTIMIZATION_LEVEL = "-Onone";
			};
			name = Debug;
		};
		9FBAAA2224A313BC00556282 /* Release */ = {
			isa = XCBuildConfiguration;
			buildSettings = {
				ALWAYS_SEARCH_USER_PATHS = NO;
				CLANG_ANALYZER_NONNULL = YES;
				CLANG_ANALYZER_NUMBER_OBJECT_CONVERSION = YES_AGGRESSIVE;
				CLANG_CXX_LANGUAGE_STANDARD = "gnu++14";
				CLANG_CXX_LIBRARY = "libc++";
				CLANG_ENABLE_MODULES = YES;
				CLANG_ENABLE_OBJC_ARC = YES;
				CLANG_ENABLE_OBJC_WEAK = YES;
				CLANG_WARN_BLOCK_CAPTURE_AUTORELEASING = YES;
				CLANG_WARN_BOOL_CONVERSION = YES;
				CLANG_WARN_COMMA = YES;
				CLANG_WARN_CONSTANT_CONVERSION = YES;
				CLANG_WARN_DEPRECATED_OBJC_IMPLEMENTATIONS = YES;
				CLANG_WARN_DIRECT_OBJC_ISA_USAGE = YES_ERROR;
				CLANG_WARN_DOCUMENTATION_COMMENTS = YES;
				CLANG_WARN_EMPTY_BODY = YES;
				CLANG_WARN_ENUM_CONVERSION = YES;
				CLANG_WARN_INFINITE_RECURSION = YES;
				CLANG_WARN_INT_CONVERSION = YES;
				CLANG_WARN_NON_LITERAL_NULL_CONVERSION = YES;
				CLANG_WARN_OBJC_IMPLICIT_RETAIN_SELF = YES;
				CLANG_WARN_OBJC_LITERAL_CONVERSION = YES;
				CLANG_WARN_OBJC_ROOT_CLASS = YES_ERROR;
				CLANG_WARN_RANGE_LOOP_ANALYSIS = YES;
				CLANG_WARN_STRICT_PROTOTYPES = YES;
				CLANG_WARN_SUSPICIOUS_MOVE = YES;
				CLANG_WARN_UNGUARDED_AVAILABILITY = YES_AGGRESSIVE;
				CLANG_WARN_UNREACHABLE_CODE = YES;
				CLANG_WARN__DUPLICATE_METHOD_MATCH = YES;
				COPY_PHASE_STRIP = NO;
				DEBUG_INFORMATION_FORMAT = "dwarf-with-dsym";
				ENABLE_NS_ASSERTIONS = NO;
				ENABLE_STRICT_OBJC_MSGSEND = YES;
				GCC_C_LANGUAGE_STANDARD = gnu11;
				GCC_NO_COMMON_BLOCKS = YES;
				GCC_WARN_64_TO_32_BIT_CONVERSION = YES;
				GCC_WARN_ABOUT_RETURN_TYPE = YES_ERROR;
				GCC_WARN_UNDECLARED_SELECTOR = YES;
				GCC_WARN_UNINITIALIZED_AUTOS = YES_AGGRESSIVE;
				GCC_WARN_UNUSED_FUNCTION = YES;
				GCC_WARN_UNUSED_VARIABLE = YES;
				IPHONEOS_DEPLOYMENT_TARGET = 13.5;
				MTL_ENABLE_DEBUG_INFO = NO;
				MTL_FAST_MATH = YES;
				SDKROOT = iphoneos;
				SWIFT_COMPILATION_MODE = wholemodule;
				SWIFT_OPTIMIZATION_LEVEL = "-O";
				VALIDATE_PRODUCT = YES;
			};
			name = Release;
		};
		9FBAAA2424A313BC00556282 /* Debug */ = {
			isa = XCBuildConfiguration;
			buildSettings = {
				ASSETCATALOG_COMPILER_APPICON_NAME = AppIcon;
				CODE_SIGN_ENTITLEMENTS = "Hacker News/Hacker News.entitlements";
				CODE_SIGN_STYLE = Automatic;
				DEVELOPMENT_ASSET_PATHS = "\"Hacker News/Preview Content\"";
				DEVELOPMENT_TEAM = 4L2695C228;
				ENABLE_PREVIEWS = YES;
				INFOPLIST_FILE = "Hacker News/Info.plist";
				LD_RUNPATH_SEARCH_PATHS = (
					"$(inherited)",
					"@executable_path/Frameworks",
				);
				PRODUCT_BUNDLE_IDENTIFIER = "com.Ted.H.Hacker-News";
				PRODUCT_NAME = "$(TARGET_NAME)";
				SUPPORTS_MACCATALYST = YES;
				SWIFT_VERSION = 5.0;
				TARGETED_DEVICE_FAMILY = "1,2";
			};
			name = Debug;
		};
		9FBAAA2524A313BC00556282 /* Release */ = {
			isa = XCBuildConfiguration;
			buildSettings = {
				ASSETCATALOG_COMPILER_APPICON_NAME = AppIcon;
				CODE_SIGN_ENTITLEMENTS = "Hacker News/Hacker News.entitlements";
				CODE_SIGN_STYLE = Automatic;
				DEVELOPMENT_ASSET_PATHS = "\"Hacker News/Preview Content\"";
				DEVELOPMENT_TEAM = 4L2695C228;
				ENABLE_PREVIEWS = YES;
				INFOPLIST_FILE = "Hacker News/Info.plist";
				LD_RUNPATH_SEARCH_PATHS = (
					"$(inherited)",
					"@executable_path/Frameworks",
				);
				PRODUCT_BUNDLE_IDENTIFIER = "com.Ted.H.Hacker-News";
				PRODUCT_NAME = "$(TARGET_NAME)";
				SUPPORTS_MACCATALYST = YES;
				SWIFT_VERSION = 5.0;
				TARGETED_DEVICE_FAMILY = "1,2";
			};
			name = Release;
		};
/* End XCBuildConfiguration section */

/* Begin XCConfigurationList section */
		9FBAAA0A24A313BB00556282 /* Build configuration list for PBXProject "Hacker News" */ = {
			isa = XCConfigurationList;
			buildConfigurations = (
				9FBAAA2124A313BC00556282 /* Debug */,
				9FBAAA2224A313BC00556282 /* Release */,
			);
			defaultConfigurationIsVisible = 0;
			defaultConfigurationName = Release;
		};
		9FBAAA2324A313BC00556282 /* Build configuration list for PBXNativeTarget "Hacker News" */ = {
			isa = XCConfigurationList;
			buildConfigurations = (
				9FBAAA2424A313BC00556282 /* Debug */,
				9FBAAA2524A313BC00556282 /* Release */,
			);
			defaultConfigurationIsVisible = 0;
			defaultConfigurationName = Release;
		};
/* End XCConfigurationList section */
	};
	rootObject = 9FBAAA0724A313BB00556282 /* Project object */;
}
